
Microsoft Visual Studio Solution File, Format Version 12.00
# Visual Studio Version 17
VisualStudioVersion = 17.0.31903.59
MinimumVisualStudioVersion = 10.0.40219.1
Project("{2150E333-8FDC-42A3-9474-1A3956D46DE8}") = "src", "src", "{B2FC9A58-6EE9-46F9-8221-7FB91F50B3FE}"
EndProject
Project("{FAE04EC0-301F-11D3-BF4B-00C04F79EFBC}") = "HekCoreApi.Domain", "src\Domain\HekCoreApi.Domain.csproj", "{038F7B16-C11B-47F6-9679-E922003D9615}"
EndProject
Project("{FAE04EC0-301F-11D3-BF4B-00C04F79EFBC}") = "HekCoreApi.Contracts", "src\Contracts\HekCoreApi.Contracts.csproj", "{43D1179C-F1DE-4248-9651-C2C2337E7A5B}"
EndProject
Project("{FAE04EC0-301F-11D3-BF4B-00C04F79EFBC}") = "HekCoreApi.Application", "src\Application\HekCoreApi.Application.csproj", "{CBF31364-C767-4D52-ABFE-494A30666484}"
EndProject
Project("{FAE04EC0-301F-11D3-BF4B-00C04F79EFBC}") = "HekCoreApi.Infrastructure", "src\Infrastructure\HekCoreApi.Infrastructure.csproj", "{1A53D72D-F970-4FAC-8E3C-2BBB26A5EDFB}"
EndProject
Project("{FAE04EC0-301F-11D3-BF4B-00C04F79EFBC}") = "HekCoreApi.Adapters.Hiso", "src\Adapters.Hiso\HekCoreApi.Adapters.Hiso.csproj", "{47D5E928-5268-47B9-B96C-7AFA70498A0A}"
EndProject
Project("{FAE04EC0-301F-11D3-BF4B-00C04F79EFBC}") = "HekCoreApi.Adapters.Karo", "src\Adapters.Karo\HekCoreApi.Adapters.Karo.csproj", "{D22E7AD2-F5C9-49A1-8550-717EDE4A9882}"
EndProject
Project("{FAE04EC0-301F-11D3-BF4B-00C04F79EFBC}") = "HekCoreApi.Adapters.Erms", "src\Adapters.Erms\HekCoreApi.Adapters.Erms.csproj", "{E50EBBDC-16D0-4A44-ACC8-7D4895DCC95A}"
EndProject
Project("{FAE04EC0-301F-11D3-BF4B-00C04F79EFBC}") = "HekCoreApi.Api", "src\Api\HekCoreApi.Api.csproj", "{673B6B64-1C72-4B44-BDA9-AE785C104C18}"
EndProject
Project("{2150E333-8FDC-42A3-9474-1A3956D46DE8}") = "tests", "tests", "{1F16577C-57C1-4BE3-9B7D-53439C838367}"
EndProject
Project("{FAE04EC0-301F-11D3-BF4B-00C04F79EFBC}") = "Domain.UnitTests", "tests\Domain.UnitTests\Domain.UnitTests.csproj", "{2425F184-1949-49E7-B59D-A6BA57BF786E}"
EndProject
Project("{FAE04EC0-301F-11D3-BF4B-00C04F79EFBC}") = "Application.UnitTests", "tests\Application.UnitTests\Application.UnitTests.csproj", "{9EEF6A11-C288-4D97-83BB-31AD87ADF802}"
EndProject
Project("{FAE04EC0-301F-11D3-BF4B-00C04F79EFBC}") = "Infrastructure.UnitTests", "tests\Infrastructure.UnitTests\Infrastructure.UnitTests.csproj", "{0A89F95D-4A43-4D23-957E-B83AB68187A0}"
EndProject
Project("{FAE04EC0-301F-11D3-BF4B-00C04F79EFBC}") = "Adapters.UnitTests", "tests\Adapters.UnitTests\Adapters.UnitTests.csproj", "{CE609B65-2EC2-4B45-BEDC-ABC03015001B}"
EndProject
Project("{FAE04EC0-301F-11D3-BF4B-00C04F79EFBC}") = "Api.IntegrationTests", "tests\Api.IntegrationTests\Api.IntegrationTests.csproj", "{1AD10776-9DB7-410D-8789-2ABE7C0B5E49}"
EndProject
Global
	GlobalSection(SolutionConfigurationPlatforms) = preSolution
		Debug|Any CPU = Debug|Any CPU
		Release|Any CPU = Release|Any CPU
	EndGlobalSection
	GlobalSection(SolutionProperties) = preSolution
		HideSolutionNode = FALSE
	EndGlobalSection
	GlobalSection(ProjectConfigurationPlatforms) = postSolution
		{038F7B16-C11B-47F6-9679-E922003D9615}.Debug|Any CPU.ActiveCfg = Debug|Any CPU
		{038F7B16-C11B-47F6-9679-E922003D9615}.Debug|Any CPU.Build.0 = Debug|Any CPU
		{038F7B16-C11B-47F6-9679-E922003D9615}.Release|Any CPU.ActiveCfg = Release|Any CPU
		{038F7B16-C11B-47F6-9679-E922003D9615}.Release|Any CPU.Build.0 = Release|Any CPU
		{43D1179C-F1DE-4248-9651-C2C2337E7A5B}.Debug|Any CPU.ActiveCfg = Debug|Any CPU
		{43D1179C-F1DE-4248-9651-C2C2337E7A5B}.Debug|Any CPU.Build.0 = Debug|Any CPU
		{43D1179C-F1DE-4248-9651-C2C2337E7A5B}.Release|Any CPU.ActiveCfg = Release|Any CPU
		{43D1179C-F1DE-4248-9651-C2C2337E7A5B}.Release|Any CPU.Build.0 = Release|Any CPU
		{CBF31364-C767-4D52-ABFE-494A30666484}.Debug|Any CPU.ActiveCfg = Debug|Any CPU
		{CBF31364-C767-4D52-ABFE-494A30666484}.Debug|Any CPU.Build.0 = Debug|Any CPU
		{CBF31364-C767-4D52-ABFE-494A30666484}.Release|Any CPU.ActiveCfg = Release|Any CPU
		{CBF31364-C767-4D52-ABFE-494A30666484}.Release|Any CPU.Build.0 = Release|Any CPU
		{1A53D72D-F970-4FAC-8E3C-2BBB26A5EDFB}.Debug|Any CPU.ActiveCfg = Debug|Any CPU
		{1A53D72D-F970-4FAC-8E3C-2BBB26A5EDFB}.Debug|Any CPU.Build.0 = Debug|Any CPU
		{1A53D72D-F970-4FAC-8E3C-2BBB26A5EDFB}.Release|Any CPU.ActiveCfg = Release|Any CPU
		{1A53D72D-F970-4FAC-8E3C-2BBB26A5EDFB}.Release|Any CPU.Build.0 = Release|Any CPU
		{47D5E928-5268-47B9-B96C-7AFA70498A0A}.Debug|Any CPU.ActiveCfg = Debug|Any CPU
		{47D5E928-5268-47B9-B96C-7AFA70498A0A}.Debug|Any CPU.Build.0 = Debug|Any CPU
		{47D5E928-5268-47B9-B96C-7AFA70498A0A}.Release|Any CPU.ActiveCfg = Release|Any CPU
		{47D5E928-5268-47B9-B96C-7AFA70498A0A}.Release|Any CPU.Build.0 = Release|Any CPU
		{D22E7AD2-F5C9-49A1-8550-717EDE4A9882}.Debug|Any CPU.ActiveCfg = Debug|Any CPU
		{D22E7AD2-F5C9-49A1-8550-717EDE4A9882}.Debug|Any CPU.Build.0 = Debug|Any CPU
		{D22E7AD2-F5C9-49A1-8550-717EDE4A9882}.Release|Any CPU.ActiveCfg = Release|Any CPU
		{D22E7AD2-F5C9-49A1-8550-717EDE4A9882}.Release|Any CPU.Build.0 = Release|Any CPU
		{E50EBBDC-16D0-4A44-ACC8-7D4895DCC95A}.Debug|Any CPU.ActiveCfg = Debug|Any CPU
		{E50EBBDC-16D0-4A44-ACC8-7D4895DCC95A}.Debug|Any CPU.Build.0 = Debug|Any CPU
		{E50EBBDC-16D0-4A44-ACC8-7D4895DCC95A}.Release|Any CPU.ActiveCfg = Release|Any CPU
		{E50EBBDC-16D0-4A44-ACC8-7D4895DCC95A}.Release|Any CPU.Build.0 = Release|Any CPU
		{673B6B64-1C72-4B44-BDA9-AE785C104C18}.Debug|Any CPU.ActiveCfg = Debug|Any CPU
		{673B6B64-1C72-4B44-BDA9-AE785C104C18}.Debug|Any CPU.Build.0 = Debug|Any CPU
		{673B6B64-1C72-4B44-BDA9-AE785C104C18}.Release|Any CPU.ActiveCfg = Release|Any CPU
		{673B6B64-1C72-4B44-BDA9-AE785C104C18}.Release|Any CPU.Build.0 = Release|Any CPU
		{2425F184-1949-49E7-B59D-A6BA57BF786E}.Debug|Any CPU.ActiveCfg = Debug|Any CPU
		{2425F184-1949-49E7-B59D-A6BA57BF786E}.Debug|Any CPU.Build.0 = Debug|Any CPU
		{2425F184-1949-49E7-B59D-A6BA57BF786E}.Release|Any CPU.ActiveCfg = Release|Any CPU
		{2425F184-1949-49E7-B59D-A6BA57BF786E}.Release|Any CPU.Build.0 = Release|Any CPU
		{9EEF6A11-C288-4D97-83BB-31AD87ADF802}.Debug|Any CPU.ActiveCfg = Debug|Any CPU
		{9EEF6A11-C288-4D97-83BB-31AD87ADF802}.Debug|Any CPU.Build.0 = Debug|Any CPU
		{9EEF6A11-C288-4D97-83BB-31AD87ADF802}.Release|Any CPU.ActiveCfg = Release|Any CPU
		{9EEF6A11-C288-4D97-83BB-31AD87ADF802}.Release|Any CPU.Build.0 = Release|Any CPU
		{0A89F95D-4A43-4D23-957E-B83AB68187A0}.Debug|Any CPU.ActiveCfg = Debug|Any CPU
		{0A89F95D-4A43-4D23-957E-B83AB68187A0}.Debug|Any CPU.Build.0 = Debug|Any CPU
		{0A89F95D-4A43-4D23-957E-B83AB68187A0}.Release|Any CPU.ActiveCfg = Release|Any CPU
		{0A89F95D-4A43-4D23-957E-B83AB68187A0}.Release|Any CPU.Build.0 = Release|Any CPU
		{CE609B65-2EC2-4B45-BEDC-ABC03015001B}.Debug|Any CPU.ActiveCfg = Debug|Any CPU
		{CE609B65-2EC2-4B45-BEDC-ABC03015001B}.Debug|Any CPU.Build.0 = Debug|Any CPU
		{CE609B65-2EC2-4B45-BEDC-ABC03015001B}.Release|Any CPU.ActiveCfg = Release|Any CPU
		{CE609B65-2EC2-4B45-BEDC-ABC03015001B}.Release|Any CPU.Build.0 = Release|Any CPU
		{1AD10776-9DB7-410D-8789-2ABE7C0B5E49}.Debug|Any CPU.ActiveCfg = Debug|Any CPU
		{1AD10776-9DB7-410D-8789-2ABE7C0B5E49}.Debug|Any CPU.Build.0 = Debug|Any CPU
		{1AD10776-9DB7-410D-8789-2ABE7C0B5E49}.Release|Any CPU.ActiveCfg = Release|Any CPU
		{1AD10776-9DB7-410D-8789-2ABE7C0B5E49}.Release|Any CPU.Build.0 = Release|Any CPU
	EndGlobalSection
	GlobalSection(NestedProjects) = preSolution
		{038F7B16-C11B-47F6-9679-E922003D9615} = {B2FC9A58-6EE9-46F9-8221-7FB91F50B3FE}
		{43D1179C-F1DE-4248-9651-C2C2337E7A5B} = {B2FC9A58-6EE9-46F9-8221-7FB91F50B3FE}
		{CBF31364-C767-4D52-ABFE-494A30666484} = {B2FC9A58-6EE9-46F9-8221-7FB91F50B3FE}
		{1A53D72D-F970-4FAC-8E3C-2BBB26A5EDFB} = {B2FC9A58-6EE9-46F9-8221-7FB91F50B3FE}
		{47D5E928-5268-47B9-B96C-7AFA70498A0A} = {B2FC9A58-6EE9-46F9-8221-7FB91F50B3FE}
		{D22E7AD2-F5C9-49A1-8550-717EDE4A9882} = {B2FC9A58-6EE9-46F9-8221-7FB91F50B3FE}
		{E50EBBDC-16D0-4A44-ACC8-7D4895DCC95A} = {B2FC9A58-6EE9-46F9-8221-7FB91F50B3FE}
		{673B6B64-1C72-4B44-BDA9-AE785C104C18} = {B2FC9A58-6EE9-46F9-8221-7FB91F50B3FE}
		{2425F184-1949-49E7-B59D-A6BA57BF786E} = {1F16577C-57C1-4BE3-9B7D-53439C838367}
		{9EEF6A11-C288-4D97-83BB-31AD87ADF802} = {1F16577C-57C1-4BE3-9B7D-53439C838367}
		{0A89F95D-4A43-4D23-957E-B83AB68187A0} = {1F16577C-57C1-4BE3-9B7D-53439C838367}
		{CE609B65-2EC2-4B45-BEDC-ABC03015001B} = {1F16577C-57C1-4BE3-9B7D-53439C838367}
		{1AD10776-9DB7-410D-8789-2ABE7C0B5E49} = {1F16577C-57C1-4BE3-9B7D-53439C838367}
	EndGlobalSection
EndGlobal
