
Microsoft Visual Studio Solution File, Format Version 12.00
# Visual Studio Version 16
VisualStudioVersion = 16.0.33529.622
MinimumVisualStudioVersion = 10.0.40219.1
Project("{FAE04EC0-301F-11D3-BF4B-00C04F79EFBC}") = "ERMSWebAPI", "ERMSWebAPI\ERMSWebAPI.csproj", "{C4FB9804-02CB-45C0-9B5B-E8D1C45074F1}"
	ProjectSection(ProjectDependencies) = postProject
		{91695CFC-24F5-46BC-89EA-619506F647B2} = {91695CFC-24F5-46BC-89EA-619506F647B2}
	EndProjectSection
EndProject
Project("{FAE04EC0-301F-11D3-BF4B-00C04F79EFBC}") = "DAL", "..\DAL\DAL.csproj", "{91695CFC-24F5-46BC-89EA-619506F647B2}"
EndProject
Project("{FAE04EC0-301F-11D3-BF4B-00C04F79EFBC}") = "Logger", "..\Logger\Logger.csproj", "{B288560B-B765-4A79-99F9-1C53F7530805}"
EndProject
Global
	GlobalSection(SolutionConfigurationPlatforms) = preSolution
		Debug|Any CPU = Debug|Any CPU
		Release|Any CPU = Release|Any CPU
	EndGlobalSection
	GlobalSection(ProjectConfigurationPlatforms) = postSolution
		{C4FB9804-02CB-45C0-9B5B-E8D1C45074F1}.Debug|Any CPU.ActiveCfg = Debug|Any CPU
		{C4FB9804-02CB-45C0-9B5B-E8D1C45074F1}.Debug|Any CPU.Build.0 = Debug|Any CPU
		{C4FB9804-02CB-45C0-9B5B-E8D1C45074F1}.Release|Any CPU.ActiveCfg = Release|Any CPU
		{C4FB9804-02CB-45C0-9B5B-E8D1C45074F1}.Release|Any CPU.Build.0 = Release|Any CPU
		{91695CFC-24F5-46BC-89EA-619506F647B2}.Debug|Any CPU.ActiveCfg = Debug|Any CPU
		{91695CFC-24F5-46BC-89EA-619506F647B2}.Debug|Any CPU.Build.0 = Debug|Any CPU
		{91695CFC-24F5-46BC-89EA-619506F647B2}.Release|Any CPU.ActiveCfg = Release|Any CPU
		{91695CFC-24F5-46BC-89EA-619506F647B2}.Release|Any CPU.Build.0 = Release|Any CPU
		{B288560B-B765-4A79-99F9-1C53F7530805}.Debug|Any CPU.ActiveCfg = Debug|Any CPU
		{B288560B-B765-4A79-99F9-1C53F7530805}.Debug|Any CPU.Build.0 = Debug|Any CPU
		{B288560B-B765-4A79-99F9-1C53F7530805}.Release|Any CPU.ActiveCfg = Release|Any CPU
		{B288560B-B765-4A79-99F9-1C53F7530805}.Release|Any CPU.Build.0 = Release|Any CPU
	EndGlobalSection
	GlobalSection(SolutionProperties) = preSolution
		HideSolutionNode = FALSE
	EndGlobalSection
	GlobalSection(ExtensibilityGlobals) = postSolution
		SolutionGuid = {488E4555-7DEF-4076-9819-F859FB35B4A2}
	EndGlobalSection
	GlobalSection(TeamFoundationVersionControl) = preSolution
		SccNumberOfProjects = 4
		SccEnterpriseProvider = {4CA58AB2-18FA-4F8D-95D4-32DDF27D184C}
		SccTeamFoundationServer = https://vtdotfssvr01.vitonta.com:8080/tfs/defaultcollection
		SccLocalPath0 = .
		SccProjectUniqueName1 = ..\\DAL\\DAL.csproj
		SccProjectName1 = ../DAL
		SccLocalPath1 = ..\\DAL
		SccProjectUniqueName2 = ..\\Logger\\Logger.csproj
		SccProjectName2 = ../Logger
		SccLocalPath2 = ..\\Logger
		SccProjectUniqueName3 = ERMSWebAPI\\ERMSWebAPI.csproj
		SccProjectName3 = ERMSWebAPI
		SccLocalPath3 = ERMSWebAPI
	EndGlobalSection
EndGlobal
